// !$*UTF8*$!
{
	archiveVersion = 1;
	classes = {
	};
	objectVersion = 50;
	objects = {

/* Begin PBXBuildFile section */
		03FE95C92214BD884A9D2B47 /* Pods_Creative_Softwares_Task.framework in Frameworks */ = {isa = PBXBuildFile; fileRef = E8175C6B951C07AB1F96D4B1 /* Pods_Creative_Softwares_Task.framework */; };
		0BAD874B3FF06B28DF870029 /* Pods_Creative_Softwares_Task_Creative_Softwares_TaskUITests.framework in Frameworks */ = {isa = PBXBuildFile; fileRef = 6A6B310B9C80D8A72E457C2B /* Pods_Creative_Softwares_Task_Creative_Softwares_TaskUITests.framework */; };
		8745078D254B188A00F2F8C0 /* AppDelegate.swift in Sources */ = {isa = PBXBuildFile; fileRef = 8745078C254B188A00F2F8C0 /* AppDelegate.swift */; };
		8745078F254B188A00F2F8C0 /* SceneDelegate.swift in Sources */ = {isa = PBXBuildFile; fileRef = 8745078E254B188A00F2F8C0 /* SceneDelegate.swift */; };
		87450791254B188A00F2F8C0 /* TaskListVewController.swift in Sources */ = {isa = PBXBuildFile; fileRef = 87450790254B188A00F2F8C0 /* TaskListVewController.swift */; };
		87450794254B188A00F2F8C0 /* Main.storyboard in Resources */ = {isa = PBXBuildFile; fileRef = 87450792254B188A00F2F8C0 /* Main.storyboard */; };
		87450797254B188A00F2F8C0 /* Database.xcdatamodeld in Sources */ = {isa = PBXBuildFile; fileRef = 87450795254B188A00F2F8C0 /* Database.xcdatamodeld */; };
		87450799254B188B00F2F8C0 /* Assets.xcassets in Resources */ = {isa = PBXBuildFile; fileRef = 87450798254B188B00F2F8C0 /* Assets.xcassets */; };
		8745079C254B188B00F2F8C0 /* LaunchScreen.storyboard in Resources */ = {isa = PBXBuildFile; fileRef = 8745079A254B188B00F2F8C0 /* LaunchScreen.storyboard */; };
		874507A7254B188C00F2F8C0 /* Creative_Softwares_TaskTests.swift in Sources */ = {isa = PBXBuildFile; fileRef = 874507A6254B188C00F2F8C0 /* Creative_Softwares_TaskTests.swift */; };
		874507B2254B188C00F2F8C0 /* Creative_Softwares_TaskUITests.swift in Sources */ = {isa = PBXBuildFile; fileRef = 874507B1254B188C00F2F8C0 /* Creative_Softwares_TaskUITests.swift */; };
		874507E1254B273800F2F8C0 /* OpenTaskTableViewCell.xib in Resources */ = {isa = PBXBuildFile; fileRef = 874507E0254B273800F2F8C0 /* OpenTaskTableViewCell.xib */; };
		874507E6254B275300F2F8C0 /* OpenTaskTableViewCell.swift in Sources */ = {isa = PBXBuildFile; fileRef = 874507E5254B275300F2F8C0 /* OpenTaskTableViewCell.swift */; };
		87450842254BD07F00F2F8C0 /* UIColor+Additions.swift in Sources */ = {isa = PBXBuildFile; fileRef = 87450841254BD07F00F2F8C0 /* UIColor+Additions.swift */; };
		8745084A254BDD0200F2F8C0 /* Task.swift in Sources */ = {isa = PBXBuildFile; fileRef = 87450849254BDD0200F2F8C0 /* Task.swift */; };
		874508BC254BF0BA00F2F8C0 /* CoreDataManager.swift in Sources */ = {isa = PBXBuildFile; fileRef = 874508BB254BF0BA00F2F8C0 /* CoreDataManager.swift */; };
		87E03B5F254C019C00ED107F /* Date+Additions.swift in Sources */ = {isa = PBXBuildFile; fileRef = 87E03B5E254C019C00ED107F /* Date+Additions.swift */; };
		8D0E9BC9254B5C2E006CD32D /* CustomizedView.swift in Sources */ = {isa = PBXBuildFile; fileRef = 8D0E9BC8254B5C2E006CD32D /* CustomizedView.swift */; };
		C9C18A66F222E6B5634A2F25 /* Pods_Creative_Softwares_TaskTests.framework in Frameworks */ = {isa = PBXBuildFile; fileRef = 89A6F85DE6E6FD670D5C6731 /* Pods_Creative_Softwares_TaskTests.framework */; };
/* End PBXBuildFile section */

/* Begin PBXContainerItemProxy section */
		874507A3254B188B00F2F8C0 /* PBXContainerItemProxy */ = {
			isa = PBXContainerItemProxy;
			containerPortal = 87450781254B188A00F2F8C0 /* Project object */;
			proxyType = 1;
			remoteGlobalIDString = 87450788254B188A00F2F8C0;
			remoteInfo = "Creative Softwares Task";
		};
		874507AE254B188C00F2F8C0 /* PBXContainerItemProxy */ = {
			isa = PBXContainerItemProxy;
			containerPortal = 87450781254B188A00F2F8C0 /* Project object */;
			proxyType = 1;
			remoteGlobalIDString = 87450788254B188A00F2F8C0;
			remoteInfo = "Creative Softwares Task";
		};
/* End PBXContainerItemProxy section */

/* Begin PBXFileReference section */
		25012BEB08950528258E81CE /* Pods-Creative Softwares Task.release.xcconfig */ = {isa = PBXFileReference; includeInIndex = 1; lastKnownFileType = text.xcconfig; name = "Pods-Creative Softwares Task.release.xcconfig"; path = "Target Support Files/Pods-Creative Softwares Task/Pods-Creative Softwares Task.release.xcconfig"; sourceTree = "<group>"; };
		2CC4C2039E248E5A5BD12BC8 /* Pods-Creative Softwares TaskTests.release.xcconfig */ = {isa = PBXFileReference; includeInIndex = 1; lastKnownFileType = text.xcconfig; name = "Pods-Creative Softwares TaskTests.release.xcconfig"; path = "Target Support Files/Pods-Creative Softwares TaskTests/Pods-Creative Softwares TaskTests.release.xcconfig"; sourceTree = "<group>"; };
		6A6B310B9C80D8A72E457C2B /* Pods_Creative_Softwares_Task_Creative_Softwares_TaskUITests.framework */ = {isa = PBXFileReference; explicitFileType = wrapper.framework; includeInIndex = 0; path = Pods_Creative_Softwares_Task_Creative_Softwares_TaskUITests.framework; sourceTree = BUILT_PRODUCTS_DIR; };
		6EAF2AFCA8ED9EFFDEB5E0E8 /* Pods-Creative Softwares TaskTests.debug.xcconfig */ = {isa = PBXFileReference; includeInIndex = 1; lastKnownFileType = text.xcconfig; name = "Pods-Creative Softwares TaskTests.debug.xcconfig"; path = "Target Support Files/Pods-Creative Softwares TaskTests/Pods-Creative Softwares TaskTests.debug.xcconfig"; sourceTree = "<group>"; };
		87450789254B188A00F2F8C0 /* Creative Softwares Task.app */ = {isa = PBXFileReference; explicitFileType = wrapper.application; includeInIndex = 0; path = "Creative Softwares Task.app"; sourceTree = BUILT_PRODUCTS_DIR; };
		8745078C254B188A00F2F8C0 /* AppDelegate.swift */ = {isa = PBXFileReference; lastKnownFileType = sourcecode.swift; path = AppDelegate.swift; sourceTree = "<group>"; };
		8745078E254B188A00F2F8C0 /* SceneDelegate.swift */ = {isa = PBXFileReference; lastKnownFileType = sourcecode.swift; path = SceneDelegate.swift; sourceTree = "<group>"; };
		87450790254B188A00F2F8C0 /* TaskListVewController.swift */ = {isa = PBXFileReference; lastKnownFileType = sourcecode.swift; path = TaskListVewController.swift; sourceTree = "<group>"; };
		87450793254B188A00F2F8C0 /* Base */ = {isa = PBXFileReference; lastKnownFileType = file.storyboard; name = Base; path = Base.lproj/Main.storyboard; sourceTree = "<group>"; };
		87450796254B188A00F2F8C0 /* Creative_Softwares_Task.xcdatamodel */ = {isa = PBXFileReference; lastKnownFileType = wrapper.xcdatamodel; path = Creative_Softwares_Task.xcdatamodel; sourceTree = "<group>"; };
		87450798254B188B00F2F8C0 /* Assets.xcassets */ = {isa = PBXFileReference; lastKnownFileType = folder.assetcatalog; path = Assets.xcassets; sourceTree = "<group>"; };
		8745079B254B188B00F2F8C0 /* Base */ = {isa = PBXFileReference; lastKnownFileType = file.storyboard; name = Base; path = Base.lproj/LaunchScreen.storyboard; sourceTree = "<group>"; };
		8745079D254B188B00F2F8C0 /* Info.plist */ = {isa = PBXFileReference; lastKnownFileType = text.plist.xml; path = Info.plist; sourceTree = "<group>"; };
		874507A2254B188B00F2F8C0 /* Creative Softwares TaskTests.xctest */ = {isa = PBXFileReference; explicitFileType = wrapper.cfbundle; includeInIndex = 0; path = "Creative Softwares TaskTests.xctest"; sourceTree = BUILT_PRODUCTS_DIR; };
		874507A6254B188C00F2F8C0 /* Creative_Softwares_TaskTests.swift */ = {isa = PBXFileReference; lastKnownFileType = sourcecode.swift; path = Creative_Softwares_TaskTests.swift; sourceTree = "<group>"; };
		874507A8254B188C00F2F8C0 /* Info.plist */ = {isa = PBXFileReference; lastKnownFileType = text.plist.xml; path = Info.plist; sourceTree = "<group>"; };
		874507AD254B188C00F2F8C0 /* Creative Softwares TaskUITests.xctest */ = {isa = PBXFileReference; explicitFileType = wrapper.cfbundle; includeInIndex = 0; path = "Creative Softwares TaskUITests.xctest"; sourceTree = BUILT_PRODUCTS_DIR; };
		874507B1254B188C00F2F8C0 /* Creative_Softwares_TaskUITests.swift */ = {isa = PBXFileReference; lastKnownFileType = sourcecode.swift; path = Creative_Softwares_TaskUITests.swift; sourceTree = "<group>"; };
		874507B3254B188C00F2F8C0 /* Info.plist */ = {isa = PBXFileReference; lastKnownFileType = text.plist.xml; path = Info.plist; sourceTree = "<group>"; };
		874507E0254B273800F2F8C0 /* OpenTaskTableViewCell.xib */ = {isa = PBXFileReference; lastKnownFileType = file.xib; path = OpenTaskTableViewCell.xib; sourceTree = "<group>"; };
		874507E5254B275300F2F8C0 /* OpenTaskTableViewCell.swift */ = {isa = PBXFileReference; lastKnownFileType = sourcecode.swift; path = OpenTaskTableViewCell.swift; sourceTree = "<group>"; };
		87450841254BD07F00F2F8C0 /* UIColor+Additions.swift */ = {isa = PBXFileReference; fileEncoding = 4; lastKnownFileType = sourcecode.swift; path = "UIColor+Additions.swift"; sourceTree = "<group>"; };
		87450849254BDD0200F2F8C0 /* Task.swift */ = {isa = PBXFileReference; lastKnownFileType = sourcecode.swift; path = Task.swift; sourceTree = "<group>"; };
		874508BB254BF0BA00F2F8C0 /* CoreDataManager.swift */ = {isa = PBXFileReference; lastKnownFileType = sourcecode.swift; path = CoreDataManager.swift; sourceTree = "<group>"; };
		87E03B5E254C019C00ED107F /* Date+Additions.swift */ = {isa = PBXFileReference; lastKnownFileType = sourcecode.swift; path = "Date+Additions.swift"; sourceTree = "<group>"; };
		89A6F85DE6E6FD670D5C6731 /* Pods_Creative_Softwares_TaskTests.framework */ = {isa = PBXFileReference; explicitFileType = wrapper.framework; includeInIndex = 0; path = Pods_Creative_Softwares_TaskTests.framework; sourceTree = BUILT_PRODUCTS_DIR; };
		8D0E9BC8254B5C2E006CD32D /* CustomizedView.swift */ = {isa = PBXFileReference; fileEncoding = 4; lastKnownFileType = sourcecode.swift; path = CustomizedView.swift; sourceTree = "<group>"; };
		9A9A388AE840908F5DF6ED47 /* Pods-Creative Softwares Task-Creative Softwares TaskUITests.debug.xcconfig */ = {isa = PBXFileReference; includeInIndex = 1; lastKnownFileType = text.xcconfig; name = "Pods-Creative Softwares Task-Creative Softwares TaskUITests.debug.xcconfig"; path = "Target Support Files/Pods-Creative Softwares Task-Creative Softwares TaskUITests/Pods-Creative Softwares Task-Creative Softwares TaskUITests.debug.xcconfig"; sourceTree = "<group>"; };
		C540F12A0BB63E19576AF77F /* Pods-Creative Softwares Task.debug.xcconfig */ = {isa = PBXFileReference; includeInIndex = 1; lastKnownFileType = text.xcconfig; name = "Pods-Creative Softwares Task.debug.xcconfig"; path = "Target Support Files/Pods-Creative Softwares Task/Pods-Creative Softwares Task.debug.xcconfig"; sourceTree = "<group>"; };
		E8175C6B951C07AB1F96D4B1 /* Pods_Creative_Softwares_Task.framework */ = {isa = PBXFileReference; explicitFileType = wrapper.framework; includeInIndex = 0; path = Pods_Creative_Softwares_Task.framework; sourceTree = BUILT_PRODUCTS_DIR; };
		F35F0745B5F809B8222C82A6 /* Pods-Creative Softwares Task-Creative Softwares TaskUITests.release.xcconfig */ = {isa = PBXFileReference; includeInIndex = 1; lastKnownFileType = text.xcconfig; name = "Pods-Creative Softwares Task-Creative Softwares TaskUITests.release.xcconfig"; path = "Target Support Files/Pods-Creative Softwares Task-Creative Softwares TaskUITests/Pods-Creative Softwares Task-Creative Softwares TaskUITests.release.xcconfig"; sourceTree = "<group>"; };
/* End PBXFileReference section */

/* Begin PBXFrameworksBuildPhase section */
		87450786254B188A00F2F8C0 /* Frameworks */ = {
			isa = PBXFrameworksBuildPhase;
			buildActionMask = 2147483647;
			files = (
				03FE95C92214BD884A9D2B47 /* Pods_Creative_Softwares_Task.framework in Frameworks */,
			);
			runOnlyForDeploymentPostprocessing = 0;
		};
		8745079F254B188B00F2F8C0 /* Frameworks */ = {
			isa = PBXFrameworksBuildPhase;
			buildActionMask = 2147483647;
			files = (
				C9C18A66F222E6B5634A2F25 /* Pods_Creative_Softwares_TaskTests.framework in Frameworks */,
			);
			runOnlyForDeploymentPostprocessing = 0;
		};
		874507AA254B188C00F2F8C0 /* Frameworks */ = {
			isa = PBXFrameworksBuildPhase;
			buildActionMask = 2147483647;
			files = (
				0BAD874B3FF06B28DF870029 /* Pods_Creative_Softwares_Task_Creative_Softwares_TaskUITests.framework in Frameworks */,
			);
			runOnlyForDeploymentPostprocessing = 0;
		};
/* End PBXFrameworksBuildPhase section */

/* Begin PBXGroup section */
		2EDD3B5713957474EC4BBD02 /* Pods */ = {
			isa = PBXGroup;
			children = (
				C540F12A0BB63E19576AF77F /* Pods-Creative Softwares Task.debug.xcconfig */,
				25012BEB08950528258E81CE /* Pods-Creative Softwares Task.release.xcconfig */,
				9A9A388AE840908F5DF6ED47 /* Pods-Creative Softwares Task-Creative Softwares TaskUITests.debug.xcconfig */,
				F35F0745B5F809B8222C82A6 /* Pods-Creative Softwares Task-Creative Softwares TaskUITests.release.xcconfig */,
				6EAF2AFCA8ED9EFFDEB5E0E8 /* Pods-Creative Softwares TaskTests.debug.xcconfig */,
				2CC4C2039E248E5A5BD12BC8 /* Pods-Creative Softwares TaskTests.release.xcconfig */,
			);
			path = Pods;
			sourceTree = "<group>";
		};
		87450780254B188A00F2F8C0 = {
			isa = PBXGroup;
			children = (
				8745078B254B188A00F2F8C0 /* Creative Softwares Task */,
				874507A5254B188C00F2F8C0 /* Creative Softwares TaskTests */,
				874507B0254B188C00F2F8C0 /* Creative Softwares TaskUITests */,
				8745078A254B188A00F2F8C0 /* Products */,
				2EDD3B5713957474EC4BBD02 /* Pods */,
				B5D1194221C8D8655AF4A35D /* Frameworks */,
			);
			sourceTree = "<group>";
		};
		8745078A254B188A00F2F8C0 /* Products */ = {
			isa = PBXGroup;
			children = (
				87450789254B188A00F2F8C0 /* Creative Softwares Task.app */,
				874507A2254B188B00F2F8C0 /* Creative Softwares TaskTests.xctest */,
				874507AD254B188C00F2F8C0 /* Creative Softwares TaskUITests.xctest */,
			);
			name = Products;
			sourceTree = "<group>";
		};
		8745078B254B188A00F2F8C0 /* Creative Softwares Task */ = {
			isa = PBXGroup;
			children = (
				8745085F254BE10E00F2F8C0 /* CoreData */,
				87450851254BDD4E00F2F8C0 /* Common */,
				87450850254BDD4300F2F8C0 /* Controller */,
				8745084F254BDD3A00F2F8C0 /* Model */,
				8745084E254BDD1000F2F8C0 /* Extension */,
				87450852254BDD6B00F2F8C0 /* Cell */,
				87450853254BDD7200F2F8C0 /* UI */,
				87450798254B188B00F2F8C0 /* Assets.xcassets */,
				8745079D254B188B00F2F8C0 /* Info.plist */,
				87450795254B188A00F2F8C0 /* Database.xcdatamodeld */,
			);
			path = "Creative Softwares Task";
			sourceTree = "<group>";
		};
		874507A5254B188C00F2F8C0 /* Creative Softwares TaskTests */ = {
			isa = PBXGroup;
			children = (
				874507A6254B188C00F2F8C0 /* Creative_Softwares_TaskTests.swift */,
				874507A8254B188C00F2F8C0 /* Info.plist */,
			);
			path = "Creative Softwares TaskTests";
			sourceTree = "<group>";
		};
		874507B0254B188C00F2F8C0 /* Creative Softwares TaskUITests */ = {
			isa = PBXGroup;
			children = (
				874507B1254B188C00F2F8C0 /* Creative_Softwares_TaskUITests.swift */,
				874507B3254B188C00F2F8C0 /* Info.plist */,
			);
			path = "Creative Softwares TaskUITests";
			sourceTree = "<group>";
		};
		8745084E254BDD1000F2F8C0 /* Extension */ = {
			isa = PBXGroup;
			children = (
				87450841254BD07F00F2F8C0 /* UIColor+Additions.swift */,
				87E03B5E254C019C00ED107F /* Date+Additions.swift */,
			);
			path = Extension;
			sourceTree = "<group>";
		};
		8745084F254BDD3A00F2F8C0 /* Model */ = {
			isa = PBXGroup;
			children = (
				87450849254BDD0200F2F8C0 /* Task.swift */,
			);
			path = Model;
			sourceTree = "<group>";
		};
		87450850254BDD4300F2F8C0 /* Controller */ = {
			isa = PBXGroup;
			children = (
				87450790254B188A00F2F8C0 /* TaskListVewController.swift */,
			);
			path = Controller;
			sourceTree = "<group>";
		};
		87450851254BDD4E00F2F8C0 /* Common */ = {
			isa = PBXGroup;
			children = (
				8745078E254B188A00F2F8C0 /* SceneDelegate.swift */,
				8745078C254B188A00F2F8C0 /* AppDelegate.swift */,
				8D0E9BC8254B5C2E006CD32D /* CustomizedView.swift */,
			);
			path = Common;
			sourceTree = "<group>";
		};
		87450852254BDD6B00F2F8C0 /* Cell */ = {
			isa = PBXGroup;
			children = (
				874507E5254B275300F2F8C0 /* OpenTaskTableViewCell.swift */,
			);
			path = Cell;
			sourceTree = "<group>";
		};
		87450853254BDD7200F2F8C0 /* UI */ = {
			isa = PBXGroup;
			children = (
				874507E0254B273800F2F8C0 /* OpenTaskTableViewCell.xib */,
				87450792254B188A00F2F8C0 /* Main.storyboard */,
				8745079A254B188B00F2F8C0 /* LaunchScreen.storyboard */,
			);
			path = UI;
			sourceTree = "<group>";
		};
		8745085F254BE10E00F2F8C0 /* CoreData */ = {
			isa = PBXGroup;
			children = (
				874508BB254BF0BA00F2F8C0 /* CoreDataManager.swift */,
			);
			path = CoreData;
			sourceTree = "<group>";
		};
		B5D1194221C8D8655AF4A35D /* Frameworks */ = {
			isa = PBXGroup;
			children = (
				E8175C6B951C07AB1F96D4B1 /* Pods_Creative_Softwares_Task.framework */,
				6A6B310B9C80D8A72E457C2B /* Pods_Creative_Softwares_Task_Creative_Softwares_TaskUITests.framework */,
				89A6F85DE6E6FD670D5C6731 /* Pods_Creative_Softwares_TaskTests.framework */,
			);
			name = Frameworks;
			sourceTree = "<group>";
		};
/* End PBXGroup section */

/* Begin PBXNativeTarget section */
		87450788254B188A00F2F8C0 /* Creative Softwares Task */ = {
			isa = PBXNativeTarget;
			buildConfigurationList = 874507B6254B188C00F2F8C0 /* Build configuration list for PBXNativeTarget "Creative Softwares Task" */;
			buildPhases = (
				95F1AB18F3A3F2B333E030EF /* [CP] Check Pods Manifest.lock */,
				87450785254B188A00F2F8C0 /* Sources */,
				87450786254B188A00F2F8C0 /* Frameworks */,
				87450787254B188A00F2F8C0 /* Resources */,
			);
			buildRules = (
			);
			dependencies = (
			);
			name = "Creative Softwares Task";
			productName = "Creative Softwares Task";
			productReference = 87450789254B188A00F2F8C0 /* Creative Softwares Task.app */;
			productType = "com.apple.product-type.application";
		};
		874507A1254B188B00F2F8C0 /* Creative Softwares TaskTests */ = {
			isa = PBXNativeTarget;
			buildConfigurationList = 874507B9254B188C00F2F8C0 /* Build configuration list for PBXNativeTarget "Creative Softwares TaskTests" */;
			buildPhases = (
				6586F2E3BDAA2CB9B8938CB3 /* [CP] Check Pods Manifest.lock */,
				8745079E254B188B00F2F8C0 /* Sources */,
				8745079F254B188B00F2F8C0 /* Frameworks */,
				874507A0254B188B00F2F8C0 /* Resources */,
			);
			buildRules = (
			);
			dependencies = (
				874507A4254B188B00F2F8C0 /* PBXTargetDependency */,
			);
			name = "Creative Softwares TaskTests";
			productName = "Creative Softwares TaskTests";
			productReference = 874507A2254B188B00F2F8C0 /* Creative Softwares TaskTests.xctest */;
			productType = "com.apple.product-type.bundle.unit-test";
		};
		874507AC254B188C00F2F8C0 /* Creative Softwares TaskUITests */ = {
			isa = PBXNativeTarget;
			buildConfigurationList = 874507BC254B188C00F2F8C0 /* Build configuration list for PBXNativeTarget "Creative Softwares TaskUITests" */;
			buildPhases = (
				DF5E00E810F53EB7E183DF4F /* [CP] Check Pods Manifest.lock */,
				874507A9254B188C00F2F8C0 /* Sources */,
				874507AA254B188C00F2F8C0 /* Frameworks */,
				874507AB254B188C00F2F8C0 /* Resources */,
			);
			buildRules = (
			);
			dependencies = (
				874507AF254B188C00F2F8C0 /* PBXTargetDependency */,
			);
			name = "Creative Softwares TaskUITests";
			productName = "Creative Softwares TaskUITests";
			productReference = 874507AD254B188C00F2F8C0 /* Creative Softwares TaskUITests.xctest */;
			productType = "com.apple.product-type.bundle.ui-testing";
		};
/* End PBXNativeTarget section */

/* Begin PBXProject section */
		87450781254B188A00F2F8C0 /* Project object */ = {
			isa = PBXProject;
			attributes = {
				LastSwiftUpdateCheck = 1210;
				LastUpgradeCheck = 1210;
				TargetAttributes = {
					87450788254B188A00F2F8C0 = {
						CreatedOnToolsVersion = 12.1;
					};
					874507A1254B188B00F2F8C0 = {
						CreatedOnToolsVersion = 12.1;
						TestTargetID = 87450788254B188A00F2F8C0;
					};
					874507AC254B188C00F2F8C0 = {
						CreatedOnToolsVersion = 12.1;
						TestTargetID = 87450788254B188A00F2F8C0;
					};
				};
			};
			buildConfigurationList = 87450784254B188A00F2F8C0 /* Build configuration list for PBXProject "Creative Softwares Task" */;
			compatibilityVersion = "Xcode 9.3";
			developmentRegion = en;
			hasScannedForEncodings = 0;
			knownRegions = (
				en,
				Base,
			);
			mainGroup = 87450780254B188A00F2F8C0;
			productRefGroup = 8745078A254B188A00F2F8C0 /* Products */;
			projectDirPath = "";
			projectRoot = "";
			targets = (
				87450788254B188A00F2F8C0 /* Creative Softwares Task */,
				874507A1254B188B00F2F8C0 /* Creative Softwares TaskTests */,
				874507AC254B188C00F2F8C0 /* Creative Softwares TaskUITests */,
			);
		};
/* End PBXProject section */

/* Begin PBXResourcesBuildPhase section */
		87450787254B188A00F2F8C0 /* Resources */ = {
			isa = PBXResourcesBuildPhase;
			buildActionMask = 2147483647;
			files = (
				8745079C254B188B00F2F8C0 /* LaunchScreen.storyboard in Resources */,
				87450799254B188B00F2F8C0 /* Assets.xcassets in Resources */,
				874507E1254B273800F2F8C0 /* OpenTaskTableViewCell.xib in Resources */,
				87450794254B188A00F2F8C0 /* Main.storyboard in Resources */,
			);
			runOnlyForDeploymentPostprocessing = 0;
		};
		874507A0254B188B00F2F8C0 /* Resources */ = {
			isa = PBXResourcesBuildPhase;
			buildActionMask = 2147483647;
			files = (
			);
			runOnlyForDeploymentPostprocessing = 0;
		};
		874507AB254B188C00F2F8C0 /* Resources */ = {
			isa = PBXResourcesBuildPhase;
			buildActionMask = 2147483647;
			files = (
			);
			runOnlyForDeploymentPostprocessing = 0;
		};
/* End PBXResourcesBuildPhase section */

/* Begin PBXShellScriptBuildPhase section */
		6586F2E3BDAA2CB9B8938CB3 /* [CP] Check Pods Manifest.lock */ = {
			isa = PBXShellScriptBuildPhase;
			buildActionMask = 2147483647;
			files = (
			);
			inputFileListPaths = (
			);
			inputPaths = (
				"${PODS_PODFILE_DIR_PATH}/Podfile.lock",
				"${PODS_ROOT}/Manifest.lock",
			);
			name = "[CP] Check Pods Manifest.lock";
			outputFileListPaths = (
			);
			outputPaths = (
				"$(DERIVED_FILE_DIR)/Pods-Creative Softwares TaskTests-checkManifestLockResult.txt",
			);
			runOnlyForDeploymentPostprocessing = 0;
			shellPath = /bin/sh;
			shellScript = "diff \"${PODS_PODFILE_DIR_PATH}/Podfile.lock\" \"${PODS_ROOT}/Manifest.lock\" > /dev/null\nif [ $? != 0 ] ; then\n    # print error to STDERR\n    echo \"error: The sandbox is not in sync with the Podfile.lock. Run 'pod install' or update your CocoaPods installation.\" >&2\n    exit 1\nfi\n# This output is used by Xcode 'outputs' to avoid re-running this script phase.\necho \"SUCCESS\" > \"${SCRIPT_OUTPUT_FILE_0}\"\n";
			showEnvVarsInLog = 0;
		};
		95F1AB18F3A3F2B333E030EF /* [CP] Check Pods Manifest.lock */ = {
			isa = PBXShellScriptBuildPhase;
			buildActionMask = 2147483647;
			files = (
			);
			inputFileListPaths = (
			);
			inputPaths = (
				"${PODS_PODFILE_DIR_PATH}/Podfile.lock",
				"${PODS_ROOT}/Manifest.lock",
			);
			name = "[CP] Check Pods Manifest.lock";
			outputFileListPaths = (
			);
			outputPaths = (
				"$(DERIVED_FILE_DIR)/Pods-Creative Softwares Task-checkManifestLockResult.txt",
			);
			runOnlyForDeploymentPostprocessing = 0;
			shellPath = /bin/sh;
			shellScript = "diff \"${PODS_PODFILE_DIR_PATH}/Podfile.lock\" \"${PODS_ROOT}/Manifest.lock\" > /dev/null\nif [ $? != 0 ] ; then\n    # print error to STDERR\n    echo \"error: The sandbox is not in sync with the Podfile.lock. Run 'pod install' or update your CocoaPods installation.\" >&2\n    exit 1\nfi\n# This output is used by Xcode 'outputs' to avoid re-running this script phase.\necho \"SUCCESS\" > \"${SCRIPT_OUTPUT_FILE_0}\"\n";
			showEnvVarsInLog = 0;
		};
		DF5E00E810F53EB7E183DF4F /* [CP] Check Pods Manifest.lock */ = {
			isa = PBXShellScriptBuildPhase;
			buildActionMask = 2147483647;
			files = (
			);
			inputFileListPaths = (
			);
			inputPaths = (
				"${PODS_PODFILE_DIR_PATH}/Podfile.lock",
				"${PODS_ROOT}/Manifest.lock",
			);
			name = "[CP] Check Pods Manifest.lock";
			outputFileListPaths = (
			);
			outputPaths = (
				"$(DERIVED_FILE_DIR)/Pods-Creative Softwares Task-Creative Softwares TaskUITests-checkManifestLockResult.txt",
			);
			runOnlyForDeploymentPostprocessing = 0;
			shellPath = /bin/sh;
			shellScript = "diff \"${PODS_PODFILE_DIR_PATH}/Podfile.lock\" \"${PODS_ROOT}/Manifest.lock\" > /dev/null\nif [ $? != 0 ] ; then\n    # print error to STDERR\n    echo \"error: The sandbox is not in sync with the Podfile.lock. Run 'pod install' or update your CocoaPods installation.\" >&2\n    exit 1\nfi\n# This output is used by Xcode 'outputs' to avoid re-running this script phase.\necho \"SUCCESS\" > \"${SCRIPT_OUTPUT_FILE_0}\"\n";
			showEnvVarsInLog = 0;
		};
/* End PBXShellScriptBuildPhase section */

/* Begin PBXSourcesBuildPhase section */
		87450785254B188A00F2F8C0 /* Sources */ = {
			isa = PBXSourcesBuildPhase;
			buildActionMask = 2147483647;
			files = (
				8745084A254BDD0200F2F8C0 /* Task.swift in Sources */,
				87450791254B188A00F2F8C0 /* TaskListVewController.swift in Sources */,
				87450842254BD07F00F2F8C0 /* UIColor+Additions.swift in Sources */,
				8745078D254B188A00F2F8C0 /* AppDelegate.swift in Sources */,
				87450797254B188A00F2F8C0 /* Database.xcdatamodeld in Sources */,
				8D0E9BC9254B5C2E006CD32D /* CustomizedView.swift in Sources */,
				87E03B5F254C019C00ED107F /* Date+Additions.swift in Sources */,
				874508BC254BF0BA00F2F8C0 /* CoreDataManager.swift in Sources */,
				874507E6254B275300F2F8C0 /* OpenTaskTableViewCell.swift in Sources */,
				8745078F254B188A00F2F8C0 /* SceneDelegate.swift in Sources */,
			);
			runOnlyForDeploymentPostprocessing = 0;
		};
		8745079E254B188B00F2F8C0 /* Sources */ = {
			isa = PBXSourcesBuildPhase;
			buildActionMask = 2147483647;
			files = (
				874507A7254B188C00F2F8C0 /* Creative_Softwares_TaskTests.swift in Sources */,
			);
			runOnlyForDeploymentPostprocessing = 0;
		};
		874507A9254B188C00F2F8C0 /* Sources */ = {
			isa = PBXSourcesBuildPhase;
			buildActionMask = 2147483647;
			files = (
				874507B2254B188C00F2F8C0 /* Creative_Softwares_TaskUITests.swift in Sources */,
			);
			runOnlyForDeploymentPostprocessing = 0;
		};
/* End PBXSourcesBuildPhase section */

/* Begin PBXTargetDependency section */
		874507A4254B188B00F2F8C0 /* PBXTargetDependency */ = {
			isa = PBXTargetDependency;
			target = 87450788254B188A00F2F8C0 /* Creative Softwares Task */;
			targetProxy = 874507A3254B188B00F2F8C0 /* PBXContainerItemProxy */;
		};
		874507AF254B188C00F2F8C0 /* PBXTargetDependency */ = {
			isa = PBXTargetDependency;
			target = 87450788254B188A00F2F8C0 /* Creative Softwares Task */;
			targetProxy = 874507AE254B188C00F2F8C0 /* PBXContainerItemProxy */;
		};
/* End PBXTargetDependency section */

/* Begin PBXVariantGroup section */
		87450792254B188A00F2F8C0 /* Main.storyboard */ = {
			isa = PBXVariantGroup;
			children = (
				87450793254B188A00F2F8C0 /* Base */,
			);
			name = Main.storyboard;
			sourceTree = "<group>";
		};
		8745079A254B188B00F2F8C0 /* LaunchScreen.storyboard */ = {
			isa = PBXVariantGroup;
			children = (
				8745079B254B188B00F2F8C0 /* Base */,
			);
			name = LaunchScreen.storyboard;
			sourceTree = "<group>";
		};
/* End PBXVariantGroup section */

/* Begin XCBuildConfiguration section */
		874507B4254B188C00F2F8C0 /* Debug */ = {
			isa = XCBuildConfiguration;
			buildSettings = {
				ALWAYS_SEARCH_USER_PATHS = NO;
				CLANG_ANALYZER_NONNULL = YES;
				CLANG_ANALYZER_NUMBER_OBJECT_CONVERSION = YES_AGGRESSIVE;
				CLANG_CXX_LANGUAGE_STANDARD = "gnu++14";
				CLANG_CXX_LIBRARY = "libc++";
				CLANG_ENABLE_MODULES = YES;
				CLANG_ENABLE_OBJC_ARC = YES;
				CLANG_ENABLE_OBJC_WEAK = YES;
				CLANG_WARN_BLOCK_CAPTURE_AUTORELEASING = YES;
				CLANG_WARN_BOOL_CONVERSION = YES;
				CLANG_WARN_COMMA = YES;
				CLANG_WARN_CONSTANT_CONVERSION = YES;
				CLANG_WARN_DEPRECATED_OBJC_IMPLEMENTATIONS = YES;
				CLANG_WARN_DIRECT_OBJC_ISA_USAGE = YES_ERROR;
				CLANG_WARN_DOCUMENTATION_COMMENTS = YES;
				CLANG_WARN_EMPTY_BODY = YES;
				CLANG_WARN_ENUM_CONVERSION = YES;
				CLANG_WARN_INFINITE_RECURSION = YES;
				CLANG_WARN_INT_CONVERSION = YES;
				CLANG_WARN_NON_LITERAL_NULL_CONVERSION = YES;
				CLANG_WARN_OBJC_IMPLICIT_RETAIN_SELF = YES;
				CLANG_WARN_OBJC_LITERAL_CONVERSION = YES;
				CLANG_WARN_OBJC_ROOT_CLASS = YES_ERROR;
				CLANG_WARN_QUOTED_INCLUDE_IN_FRAMEWORK_HEADER = YES;
				CLANG_WARN_RANGE_LOOP_ANALYSIS = YES;
				CLANG_WARN_STRICT_PROTOTYPES = YES;
				CLANG_WARN_SUSPICIOUS_MOVE = YES;
				CLANG_WARN_UNGUARDED_AVAILABILITY = YES_AGGRESSIVE;
				CLANG_WARN_UNREACHABLE_CODE = YES;
				CLANG_WARN__DUPLICATE_METHOD_MATCH = YES;
				COPY_PHASE_STRIP = NO;
				DEBUG_INFORMATION_FORMAT = dwarf;
				ENABLE_STRICT_OBJC_MSGSEND = YES;
				ENABLE_TESTABILITY = YES;
				GCC_C_LANGUAGE_STANDARD = gnu11;
				GCC_DYNAMIC_NO_PIC = NO;
				GCC_NO_COMMON_BLOCKS = YES;
				GCC_OPTIMIZATION_LEVEL = 0;
				GCC_PREPROCESSOR_DEFINITIONS = (
					"DEBUG=1",
					"$(inherited)",
				);
				GCC_WARN_64_TO_32_BIT_CONVERSION = YES;
				GCC_WARN_ABOUT_RETURN_TYPE = YES_ERROR;
				GCC_WARN_UNDECLARED_SELECTOR = YES;
				GCC_WARN_UNINITIALIZED_AUTOS = YES_AGGRESSIVE;
				GCC_WARN_UNUSED_FUNCTION = YES;
				GCC_WARN_UNUSED_VARIABLE = YES;
				IPHONEOS_DEPLOYMENT_TARGET = 14.1;
				MTL_ENABLE_DEBUG_INFO = INCLUDE_SOURCE;
				MTL_FAST_MATH = YES;
				ONLY_ACTIVE_ARCH = YES;
				SDKROOT = iphoneos;
				SWIFT_ACTIVE_COMPILATION_CONDITIONS = DEBUG;
				SWIFT_OPTIMIZATION_LEVEL = "-Onone";
			};
			name = Debug;
		};
		874507B5254B188C00F2F8C0 /* Release */ = {
			isa = XCBuildConfiguration;
			buildSettings = {
				ALWAYS_SEARCH_USER_PATHS = NO;
				CLANG_ANALYZER_NONNULL = YES;
				CLANG_ANALYZER_NUMBER_OBJECT_CONVERSION = YES_AGGRESSIVE;
				CLANG_CXX_LANGUAGE_STANDARD = "gnu++14";
				CLANG_CXX_LIBRARY = "libc++";
				CLANG_ENABLE_MODULES = YES;
				CLANG_ENABLE_OBJC_ARC = YES;
				CLANG_ENABLE_OBJC_WEAK = YES;
				CLANG_WARN_BLOCK_CAPTURE_AUTORELEASING = YES;
				CLANG_WARN_BOOL_CONVERSION = YES;
				CLANG_WARN_COMMA = YES;
				CLANG_WARN_CONSTANT_CONVERSION = YES;
				CLANG_WARN_DEPRECATED_OBJC_IMPLEMENTATIONS = YES;
				CLANG_WARN_DIRECT_OBJC_ISA_USAGE = YES_ERROR;
				CLANG_WARN_DOCUMENTATION_COMMENTS = YES;
				CLANG_WARN_EMPTY_BODY = YES;
				CLANG_WARN_ENUM_CONVERSION = YES;
				CLANG_WARN_INFINITE_RECURSION = YES;
				CLANG_WARN_INT_CONVERSION = YES;
				CLANG_WARN_NON_LITERAL_NULL_CONVERSION = YES;
				CLANG_WARN_OBJC_IMPLICIT_RETAIN_SELF = YES;
				CLANG_WARN_OBJC_LITERAL_CONVERSION = YES;
				CLANG_WARN_OBJC_ROOT_CLASS = YES_ERROR;
				CLANG_WARN_QUOTED_INCLUDE_IN_FRAMEWORK_HEADER = YES;
				CLANG_WARN_RANGE_LOOP_ANALYSIS = YES;
				CLANG_WARN_STRICT_PROTOTYPES = YES;
				CLANG_WARN_SUSPICIOUS_MOVE = YES;
				CLANG_WARN_UNGUARDED_AVAILABILITY = YES_AGGRESSIVE;
				CLANG_WARN_UNREACHABLE_CODE = YES;
				CLANG_WARN__DUPLICATE_METHOD_MATCH = YES;
				COPY_PHASE_STRIP = NO;
				DEBUG_INFORMATION_FORMAT = "dwarf-with-dsym";
				ENABLE_NS_ASSERTIONS = NO;
				ENABLE_STRICT_OBJC_MSGSEND = YES;
				GCC_C_LANGUAGE_STANDARD = gnu11;
				GCC_NO_COMMON_BLOCKS = YES;
				GCC_WARN_64_TO_32_BIT_CONVERSION = YES;
				GCC_WARN_ABOUT_RETURN_TYPE = YES_ERROR;
				GCC_WARN_UNDECLARED_SELECTOR = YES;
				GCC_WARN_UNINITIALIZED_AUTOS = YES_AGGRESSIVE;
				GCC_WARN_UNUSED_FUNCTION = YES;
				GCC_WARN_UNUSED_VARIABLE = YES;
				IPHONEOS_DEPLOYMENT_TARGET = 14.1;
				MTL_ENABLE_DEBUG_INFO = NO;
				MTL_FAST_MATH = YES;
				SDKROOT = iphoneos;
				SWIFT_COMPILATION_MODE = wholemodule;
				SWIFT_OPTIMIZATION_LEVEL = "-O";
				VALIDATE_PRODUCT = YES;
			};
			name = Release;
		};
		874507B7254B188C00F2F8C0 /* Debug */ = {
			isa = XCBuildConfiguration;
			baseConfigurationReference = C540F12A0BB63E19576AF77F /* Pods-Creative Softwares Task.debug.xcconfig */;
			buildSettings = {
				ASSETCATALOG_COMPILER_APPICON_NAME = AppIcon;
				ASSETCATALOG_COMPILER_GLOBAL_ACCENT_COLOR_NAME = AccentColor;
				CODE_SIGN_STYLE = Automatic;
				INFOPLIST_FILE = "Creative Softwares Task/Info.plist";
				LD_RUNPATH_SEARCH_PATHS = (
					"$(inherited)",
					"@executable_path/Frameworks",
				);
				PRODUCT_BUNDLE_IDENTIFIER = "luqman.Creative-Softwares-Task";
				PRODUCT_NAME = "$(TARGET_NAME)";
				SWIFT_VERSION = 5.0;
				TARGETED_DEVICE_FAMILY = 1;
			};
			name = Debug;
		};
		874507B8254B188C00F2F8C0 /* Release */ = {
			isa = XCBuildConfiguration;
			baseConfigurationReference = 25012BEB08950528258E81CE /* Pods-Creative Softwares Task.release.xcconfig */;
			buildSettings = {
				ASSETCATALOG_COMPILER_APPICON_NAME = AppIcon;
				ASSETCATALOG_COMPILER_GLOBAL_ACCENT_COLOR_NAME = AccentColor;
				CODE_SIGN_STYLE = Automatic;
				INFOPLIST_FILE = "Creative Softwares Task/Info.plist";
				LD_RUNPATH_SEARCH_PATHS = (
					"$(inherited)",
					"@executable_path/Frameworks",
				);
				PRODUCT_BUNDLE_IDENTIFIER = "luqman.Creative-Softwares-Task";
				PRODUCT_NAME = "$(TARGET_NAME)";
				SWIFT_VERSION = 5.0;
				TARGETED_DEVICE_FAMILY = 1;
			};
			name = Release;
		};
		874507BA254B188C00F2F8C0 /* Debug */ = {
			isa = XCBuildConfiguration;
			baseConfigurationReference = 6EAF2AFCA8ED9EFFDEB5E0E8 /* Pods-Creative Softwares TaskTests.debug.xcconfig */;
			buildSettings = {
				ALWAYS_EMBED_SWIFT_STANDARD_LIBRARIES = YES;
				BUNDLE_LOADER = "$(TEST_HOST)";
				CODE_SIGN_STYLE = Automatic;
				INFOPLIST_FILE = "Creative Softwares TaskTests/Info.plist";
				IPHONEOS_DEPLOYMENT_TARGET = 14.1;
				LD_RUNPATH_SEARCH_PATHS = (
					"$(inherited)",
					"@executable_path/Frameworks",
					"@loader_path/Frameworks",
				);
				PRODUCT_BUNDLE_IDENTIFIER = "luqman.Creative-Softwares-TaskTests";
				PRODUCT_NAME = "$(TARGET_NAME)";
				SWIFT_VERSION = 5.0;
				TARGETED_DEVICE_FAMILY = "1,2";
				TEST_HOST = "$(BUILT_PRODUCTS_DIR)/Creative Softwares Task.app/Creative Softwares Task";
			};
			name = Debug;
		};
		874507BB254B188C00F2F8C0 /* Release */ = {
			isa = XCBuildConfiguration;
			baseConfigurationReference = 2CC4C2039E248E5A5BD12BC8 /* Pods-Creative Softwares TaskTests.release.xcconfig */;
			buildSettings = {
				ALWAYS_EMBED_SWIFT_STANDARD_LIBRARIES = YES;
				BUNDLE_LOADER = "$(TEST_HOST)";
				CODE_SIGN_STYLE = Automatic;
				INFOPLIST_FILE = "Creative Softwares TaskTests/Info.plist";
				IPHONEOS_DEPLOYMENT_TARGET = 14.1;
				LD_RUNPATH_SEARCH_PATHS = (
					"$(inherited)",
					"@executable_path/Frameworks",
					"@loader_path/Frameworks",
				);
				PRODUCT_BUNDLE_IDENTIFIER = "luqman.Creative-Softwares-TaskTests";
				PRODUCT_NAME = "$(TARGET_NAME)";
				SWIFT_VERSION = 5.0;
				TARGETED_DEVICE_FAMILY = "1,2";
				TEST_HOST = "$(BUILT_PRODUCTS_DIR)/Creative Softwares Task.app/Creative Softwares Task";
			};
			name = Release;
		};
		874507BD254B188C00F2F8C0 /* Debug */ = {
			isa = XCBuildConfiguration;
			baseConfigurationReference = 9A9A388AE840908F5DF6ED47 /* Pods-Creative Softwares Task-Creative Softwares TaskUITests.debug.xcconfig */;
			buildSettings = {
				ALWAYS_EMBED_SWIFT_STANDARD_LIBRARIES = YES;
				CODE_SIGN_STYLE = Automatic;
				INFOPLIST_FILE = "Creative Softwares TaskUITests/Info.plist";
				LD_RUNPATH_SEARCH_PATHS = (
					"$(inherited)",
					"@executable_path/Frameworks",
					"@loader_path/Frameworks",
				);
				PRODUCT_BUNDLE_IDENTIFIER = "luqman.Creative-Softwares-TaskUITests";
				PRODUCT_NAME = "$(TARGET_NAME)";
				SWIFT_VERSION = 5.0;
				TARGETED_DEVICE_FAMILY = "1,2";
				TEST_TARGET_NAME = "Creative Softwares Task";
			};
			name = Debug;
		};
		874507BE254B188C00F2F8C0 /* Release */ = {
			isa = XCBuildConfiguration;
			baseConfigurationReference = F35F0745B5F809B8222C82A6 /* Pods-Creative Softwares Task-Creative Softwares TaskUITests.release.xcconfig */;
			buildSettings = {
				ALWAYS_EMBED_SWIFT_STANDARD_LIBRARIES = YES;
				CODE_SIGN_STYLE = Automatic;
				INFOPLIST_FILE = "Creative Softwares TaskUITests/Info.plist";
				LD_RUNPATH_SEARCH_PATHS = (
					"$(inherited)",
					"@executable_path/Frameworks",
					"@loader_path/Frameworks",
				);
				PRODUCT_BUNDLE_IDENTIFIER = "luqman.Creative-Softwares-TaskUITests";
				PRODUCT_NAME = "$(TARGET_NAME)";
				SWIFT_VERSION = 5.0;
				TARGETED_DEVICE_FAMILY = "1,2";
				TEST_TARGET_NAME = "Creative Softwares Task";
			};
			name = Release;
		};
/* End XCBuildConfiguration section */

/* Begin XCConfigurationList section */
		87450784254B188A00F2F8C0 /* Build configuration list for PBXProject "Creative Softwares Task" */ = {
			isa = XCConfigurationList;
			buildConfigurations = (
				874507B4254B188C00F2F8C0 /* Debug */,
				874507B5254B188C00F2F8C0 /* Release */,
			);
			defaultConfigurationIsVisible = 0;
			defaultConfigurationName = Release;
		};
		874507B6254B188C00F2F8C0 /* Build configuration list for PBXNativeTarget "Creative Softwares Task" */ = {
			isa = XCConfigurationList;
			buildConfigurations = (
				874507B7254B188C00F2F8C0 /* Debug */,
				874507B8254B188C00F2F8C0 /* Release */,
			);
			defaultConfigurationIsVisible = 0;
			defaultConfigurationName = Release;
		};
		874507B9254B188C00F2F8C0 /* Build configuration list for PBXNativeTarget "Creative Softwares TaskTests" */ = {
			isa = XCConfigurationList;
			buildConfigurations = (
				874507BA254B188C00F2F8C0 /* Debug */,
				874507BB254B188C00F2F8C0 /* Release */,
			);
			defaultConfigurationIsVisible = 0;
			defaultConfigurationName = Release;
		};
		874507BC254B188C00F2F8C0 /* Build configuration list for PBXNativeTarget "Creative Softwares TaskUITests" */ = {
			isa = XCConfigurationList;
			buildConfigurations = (
				874507BD254B188C00F2F8C0 /* Debug */,
				874507BE254B188C00F2F8C0 /* Release */,
			);
			defaultConfigurationIsVisible = 0;
			defaultConfigurationName = Release;
		};
/* End XCConfigurationList section */

/* Begin XCVersionGroup section */
		87450795254B188A00F2F8C0 /* Database.xcdatamodeld */ = {
			isa = XCVersionGroup;
			children = (
				87450796254B188A00F2F8C0 /* Creative_Softwares_Task.xcdatamodel */,
			);
			currentVersion = 87450796254B188A00F2F8C0 /* Creative_Softwares_Task.xcdatamodel */;
			path = Database.xcdatamodeld;
			sourceTree = "<group>";
			versionGroupType = wrapper.xcdatamodel;
		};
/* End XCVersionGroup section */
	};
	rootObject = 87450781254B188A00F2F8C0 /* Project object */;
}
